
Microsoft Visual Studio Solution File, Format Version 12.00
# Visual Studio Version 17
VisualStudioVersion = 17.0.31903.59
MinimumVisualStudioVersion = 10.0.40219.1
Project("{2150E333-8FDC-42A3-9474-1A3956D46DE8}") = "src", "src", "{827E0CD3-B72D-47B6-A68D-7590B98EB39B}"
EndProject
Project("{FAE04EC0-301F-11D3-BF4B-00C04F79EFBC}") = "ArcPay.Gateway", "src\ArcPay.Gateway\ArcPay.Gateway.csproj", "{E86E88DB-F98F-4CC4-A3DB-C9F435F176F1}"
EndProject
Project("{FAE04EC0-301F-11D3-BF4B-00C04F79EFBC}") = "ArcPay.CustomerApi", "src\ArcPay.CustomerApi\ArcPay.CustomerApi.csproj", "{E7ECB81E-06AC-497E-B5C5-777863E0BCC6}"
EndProject
Project("{FAE04EC0-301F-11D3-BF4B-00C04F79EFBC}") = "ArcPay.WalletApi", "src\ArcPay.WalletApi\ArcPay.WalletApi.csproj", "{17DDC865-23B1-4DFC-BDDF-3C3D3FCD2753}"
EndProject
Project("{FAE04EC0-301F-11D3-BF4B-00C04F79EFBC}") = "ArcPay.Shared", "src\ArcPay.Shared\ArcPay.Shared.csproj", "{1F188C21-B4D2-405A-9436-D37F4B9905FF}"
EndProject
Project("{2150E333-8FDC-42A3-9474-1A3956D46DE8}") = "tests", "tests", "{0AB3BF05-4346-4AA6-1389-037BE0695223}"
EndProject
Project("{FAE04EC0-301F-11D3-BF4B-00C04F79EFBC}") = "ArcPay.WalletApi.Tests", "tests\ArcPay.WalletApi.Tests\ArcPay.WalletApi.Tests.csproj", "{29125839-CD2C-4402-BA01-47E28D24AFD6}"
EndProject
Project("{FAE04EC0-301F-11D3-BF4B-00C04F79EFBC}") = "ArcPay.InvestmentApi", "src\ArcPay.InvestmentApi\ArcPay.InvestmentApi.csproj", "{C874ED21-656E-4EF1-B253-A16C5DDD6D2C}"
EndProject
Project("{FAE04EC0-301F-11D3-BF4B-00C04F79EFBC}") = "ArcPay.InvestmentApi.Tests", "tests\ArcPay.InvestmentApi.Tests\ArcPay.InvestmentApi.Tests.csproj", "{D2E70845-CBB6-406A-9849-C130730919A7}"
EndProject
Global
	GlobalSection(SolutionConfigurationPlatforms) = preSolution
		Debug|Any CPU = Debug|Any CPU
		Debug|x64 = Debug|x64
		Debug|x86 = Debug|x86
		Release|Any CPU = Release|Any CPU
		Release|x64 = Release|x64
		Release|x86 = Release|x86
	EndGlobalSection
	GlobalSection(ProjectConfigurationPlatforms) = postSolution
		{E86E88DB-F98F-4CC4-A3DB-C9F435F176F1}.Debug|Any CPU.ActiveCfg = Debug|Any CPU
		{E86E88DB-F98F-4CC4-A3DB-C9F435F176F1}.Debug|Any CPU.Build.0 = Debug|Any CPU
		{E86E88DB-F98F-4CC4-A3DB-C9F435F176F1}.Debug|x64.ActiveCfg = Debug|Any CPU
		{E86E88DB-F98F-4CC4-A3DB-C9F435F176F1}.Debug|x64.Build.0 = Debug|Any CPU
		{E86E88DB-F98F-4CC4-A3DB-C9F435F176F1}.Debug|x86.ActiveCfg = Debug|Any CPU
		{E86E88DB-F98F-4CC4-A3DB-C9F435F176F1}.Debug|x86.Build.0 = Debug|Any CPU
		{E86E88DB-F98F-4CC4-A3DB-C9F435F176F1}.Release|Any CPU.ActiveCfg = Release|Any CPU
		{E86E88DB-F98F-4CC4-A3DB-C9F435F176F1}.Release|Any CPU.Build.0 = Release|Any CPU
		{E86E88DB-F98F-4CC4-A3DB-C9F435F176F1}.Release|x64.ActiveCfg = Release|Any CPU
		{E86E88DB-F98F-4CC4-A3DB-C9F435F176F1}.Release|x64.Build.0 = Release|Any CPU
		{E86E88DB-F98F-4CC4-A3DB-C9F435F176F1}.Release|x86.ActiveCfg = Release|Any CPU
		{E86E88DB-F98F-4CC4-A3DB-C9F435F176F1}.Release|x86.Build.0 = Release|Any CPU
		{E7ECB81E-06AC-497E-B5C5-777863E0BCC6}.Debug|Any CPU.ActiveCfg = Debug|Any CPU
		{E7ECB81E-06AC-497E-B5C5-777863E0BCC6}.Debug|Any CPU.Build.0 = Debug|Any CPU
		{E7ECB81E-06AC-497E-B5C5-777863E0BCC6}.Debug|x64.ActiveCfg = Debug|Any CPU
		{E7ECB81E-06AC-497E-B5C5-777863E0BCC6}.Debug|x64.Build.0 = Debug|Any CPU
		{E7ECB81E-06AC-497E-B5C5-777863E0BCC6}.Debug|x86.ActiveCfg = Debug|Any CPU
		{E7ECB81E-06AC-497E-B5C5-777863E0BCC6}.Debug|x86.Build.0 = Debug|Any CPU
		{E7ECB81E-06AC-497E-B5C5-777863E0BCC6}.Release|Any CPU.ActiveCfg = Release|Any CPU
		{E7ECB81E-06AC-497E-B5C5-777863E0BCC6}.Release|Any CPU.Build.0 = Release|Any CPU
		{E7ECB81E-06AC-497E-B5C5-777863E0BCC6}.Release|x64.ActiveCfg = Release|Any CPU
		{E7ECB81E-06AC-497E-B5C5-777863E0BCC6}.Release|x64.Build.0 = Release|Any CPU
		{E7ECB81E-06AC-497E-B5C5-777863E0BCC6}.Release|x86.ActiveCfg = Release|Any CPU
		{E7ECB81E-06AC-497E-B5C5-777863E0BCC6}.Release|x86.Build.0 = Release|Any CPU
		{17DDC865-23B1-4DFC-BDDF-3C3D3FCD2753}.Debug|Any CPU.ActiveCfg = Debug|Any CPU
		{17DDC865-23B1-4DFC-BDDF-3C3D3FCD2753}.Debug|Any CPU.Build.0 = Debug|Any CPU
		{17DDC865-23B1-4DFC-BDDF-3C3D3FCD2753}.Debug|x64.ActiveCfg = Debug|Any CPU
		{17DDC865-23B1-4DFC-BDDF-3C3D3FCD2753}.Debug|x64.Build.0 = Debug|Any CPU
		{17DDC865-23B1-4DFC-BDDF-3C3D3FCD2753}.Debug|x86.ActiveCfg = Debug|Any CPU
		{17DDC865-23B1-4DFC-BDDF-3C3D3FCD2753}.Debug|x86.Build.0 = Debug|Any CPU
		{17DDC865-23B1-4DFC-BDDF-3C3D3FCD2753}.Release|Any CPU.ActiveCfg = Release|Any CPU
		{17DDC865-23B1-4DFC-BDDF-3C3D3FCD2753}.Release|Any CPU.Build.0 = Release|Any CPU
		{17DDC865-23B1-4DFC-BDDF-3C3D3FCD2753}.Release|x64.ActiveCfg = Release|Any CPU
		{17DDC865-23B1-4DFC-BDDF-3C3D3FCD2753}.Release|x64.Build.0 = Release|Any CPU
		{17DDC865-23B1-4DFC-BDDF-3C3D3FCD2753}.Release|x86.ActiveCfg = Release|Any CPU
		{17DDC865-23B1-4DFC-BDDF-3C3D3FCD2753}.Release|x86.Build.0 = Release|Any CPU
		{1F188C21-B4D2-405A-9436-D37F4B9905FF}.Debug|Any CPU.ActiveCfg = Debug|Any CPU
		{1F188C21-B4D2-405A-9436-D37F4B9905FF}.Debug|Any CPU.Build.0 = Debug|Any CPU
		{1F188C21-B4D2-405A-9436-D37F4B9905FF}.Debug|x64.ActiveCfg = Debug|Any CPU
		{1F188C21-B4D2-405A-9436-D37F4B9905FF}.Debug|x64.Build.0 = Debug|Any CPU
		{1F188C21-B4D2-405A-9436-D37F4B9905FF}.Debug|x86.ActiveCfg = Debug|Any CPU
		{1F188C21-B4D2-405A-9436-D37F4B9905FF}.Debug|x86.Build.0 = Debug|Any CPU
		{1F188C21-B4D2-405A-9436-D37F4B9905FF}.Release|Any CPU.ActiveCfg = Release|Any CPU
		{1F188C21-B4D2-405A-9436-D37F4B9905FF}.Release|Any CPU.Build.0 = Release|Any CPU
		{1F188C21-B4D2-405A-9436-D37F4B9905FF}.Release|x64.ActiveCfg = Release|Any CPU
		{1F188C21-B4D2-405A-9436-D37F4B9905FF}.Release|x64.Build.0 = Release|Any CPU
		{1F188C21-B4D2-405A-9436-D37F4B9905FF}.Release|x86.ActiveCfg = Release|Any CPU
		{1F188C21-B4D2-405A-9436-D37F4B9905FF}.Release|x86.Build.0 = Release|Any CPU
		{29125839-CD2C-4402-BA01-47E28D24AFD6}.Debug|Any CPU.ActiveCfg = Debug|Any CPU
		{29125839-CD2C-4402-BA01-47E28D24AFD6}.Debug|Any CPU.Build.0 = Debug|Any CPU
		{29125839-CD2C-4402-BA01-47E28D24AFD6}.Debug|x64.ActiveCfg = Debug|Any CPU
		{29125839-CD2C-4402-BA01-47E28D24AFD6}.Debug|x64.Build.0 = Debug|Any CPU
		{29125839-CD2C-4402-BA01-47E28D24AFD6}.Debug|x86.ActiveCfg = Debug|Any CPU
		{29125839-CD2C-4402-BA01-47E28D24AFD6}.Debug|x86.Build.0 = Debug|Any CPU
		{29125839-CD2C-4402-BA01-47E28D24AFD6}.Release|Any CPU.ActiveCfg = Release|Any CPU
		{29125839-CD2C-4402-BA01-47E28D24AFD6}.Release|Any CPU.Build.0 = Release|Any CPU
		{29125839-CD2C-4402-BA01-47E28D24AFD6}.Release|x64.ActiveCfg = Release|Any CPU
		{29125839-CD2C-4402-BA01-47E28D24AFD6}.Release|x64.Build.0 = Release|Any CPU
		{29125839-CD2C-4402-BA01-47E28D24AFD6}.Release|x86.ActiveCfg = Release|Any CPU
		{29125839-CD2C-4402-BA01-47E28D24AFD6}.Release|x86.Build.0 = Release|Any CPU
		{C874ED21-656E-4EF1-B253-A16C5DDD6D2C}.Debug|Any CPU.ActiveCfg = Debug|Any CPU
		{C874ED21-656E-4EF1-B253-A16C5DDD6D2C}.Debug|Any CPU.Build.0 = Debug|Any CPU
		{C874ED21-656E-4EF1-B253-A16C5DDD6D2C}.Debug|x64.ActiveCfg = Debug|Any CPU
		{C874ED21-656E-4EF1-B253-A16C5DDD6D2C}.Debug|x64.Build.0 = Debug|Any CPU
		{C874ED21-656E-4EF1-B253-A16C5DDD6D2C}.Debug|x86.ActiveCfg = Debug|Any CPU
		{C874ED21-656E-4EF1-B253-A16C5DDD6D2C}.Debug|x86.Build.0 = Debug|Any CPU
		{C874ED21-656E-4EF1-B253-A16C5DDD6D2C}.Release|Any CPU.ActiveCfg = Release|Any CPU
		{C874ED21-656E-4EF1-B253-A16C5DDD6D2C}.Release|Any CPU.Build.0 = Release|Any CPU
		{C874ED21-656E-4EF1-B253-A16C5DDD6D2C}.Release|x64.ActiveCfg = Release|Any CPU
		{C874ED21-656E-4EF1-B253-A16C5DDD6D2C}.Release|x64.Build.0 = Release|Any CPU
		{C874ED21-656E-4EF1-B253-A16C5DDD6D2C}.Release|x86.ActiveCfg = Release|Any CPU
		{C874ED21-656E-4EF1-B253-A16C5DDD6D2C}.Release|x86.Build.0 = Release|Any CPU
		{D2E70845-CBB6-406A-9849-C130730919A7}.Debug|Any CPU.ActiveCfg = Debug|Any CPU
		{D2E70845-CBB6-406A-9849-C130730919A7}.Debug|Any CPU.Build.0 = Debug|Any CPU
		{D2E70845-CBB6-406A-9849-C130730919A7}.Debug|x64.ActiveCfg = Debug|Any CPU
		{D2E70845-CBB6-406A-9849-C130730919A7}.Debug|x64.Build.0 = Debug|Any CPU
		{D2E70845-CBB6-406A-9849-C130730919A7}.Debug|x86.ActiveCfg = Debug|Any CPU
		{D2E70845-CBB6-406A-9849-C130730919A7}.Debug|x86.Build.0 = Debug|Any CPU
		{D2E70845-CBB6-406A-9849-C130730919A7}.Release|Any CPU.ActiveCfg = Release|Any CPU
		{D2E70845-CBB6-406A-9849-C130730919A7}.Release|Any CPU.Build.0 = Release|Any CPU
		{D2E70845-CBB6-406A-9849-C130730919A7}.Release|x64.ActiveCfg = Release|Any CPU
		{D2E70845-CBB6-406A-9849-C130730919A7}.Release|x64.Build.0 = Release|Any CPU
		{D2E70845-CBB6-406A-9849-C130730919A7}.Release|x86.ActiveCfg = Release|Any CPU
		{D2E70845-CBB6-406A-9849-C130730919A7}.Release|x86.Build.0 = Release|Any CPU
	EndGlobalSection
	GlobalSection(SolutionProperties) = preSolution
		HideSolutionNode = FALSE
	EndGlobalSection
	GlobalSection(NestedProjects) = preSolution
		{E86E88DB-F98F-4CC4-A3DB-C9F435F176F1} = {827E0CD3-B72D-47B6-A68D-7590B98EB39B}
		{E7ECB81E-06AC-497E-B5C5-777863E0BCC6} = {827E0CD3-B72D-47B6-A68D-7590B98EB39B}
		{17DDC865-23B1-4DFC-BDDF-3C3D3FCD2753} = {827E0CD3-B72D-47B6-A68D-7590B98EB39B}
		{1F188C21-B4D2-405A-9436-D37F4B9905FF} = {827E0CD3-B72D-47B6-A68D-7590B98EB39B}
		{29125839-CD2C-4402-BA01-47E28D24AFD6} = {0AB3BF05-4346-4AA6-1389-037BE0695223}
		{C874ED21-656E-4EF1-B253-A16C5DDD6D2C} = {827E0CD3-B72D-47B6-A68D-7590B98EB39B}
		{D2E70845-CBB6-406A-9849-C130730919A7} = {0AB3BF05-4346-4AA6-1389-037BE0695223}
	EndGlobalSection
EndGlobal
